
Microsoft Visual Studio Solution File, Format Version 12.00
# Visual Studio Version 17
VisualStudioVersion = 17.2.32630.192
MinimumVisualStudioVersion = 10.0.40219.1
Project("{FAE04EC0-301F-11D3-BF4B-00C04F79EFBC}") = "group2", "group2\group2.csproj", "{66A41D4A-C6AE-4F4D-9EF3-8BC9D471CEAD}"
EndProject
Global
	GlobalSection(SolutionConfigurationPlatforms) = preSolution
		Debug|Any CPU = Debug|Any CPU
		Release|Any CPU = Release|Any CPU
	EndGlobalSection
	GlobalSection(ProjectConfigurationPlatforms) = postSolution
		{66A41D4A-C6AE-4F4D-9EF3-8BC9D471CEAD}.Debug|Any CPU.ActiveCfg = Debug|Any CPU
		{66A41D4A-C6AE-4F4D-9EF3-8BC9D471CEAD}.Debug|Any CPU.Build.0 = Debug|Any CPU
		{66A41D4A-C6AE-4F4D-9EF3-8BC9D471CEAD}.Release|Any CPU.ActiveCfg = Release|Any CPU
		{66A41D4A-C6AE-4F4D-9EF3-8BC9D471CEAD}.Release|Any CPU.Build.0 = Release|Any CPU
	EndGlobalSection
	GlobalSection(SolutionProperties) = preSolution
		HideSolutionNode = FALSE
	EndGlobalSection
	GlobalSection(ExtensibilityGlobals) = postSolution
		SolutionGuid = {2C5B9C5F-E158-448F-9923-E4B462F0C566}
	EndGlobalSection
EndGlobal
